<Solution>
  <Project Path="SmartOffice.AssetService.Tests/SmartOffice.AssetService.Tests.csproj" />
  <Project Path="SmartOffice.AssetService/SmartOffice.AssetService.csproj" />
  <Project Path="SmartOffice.AuthService.Tests/SmartOffice.AuthService.Tests.csproj" />
  <Project Path="SmartOffice.AuthService/SmartOffice.AuthService.csproj" />
</Solution>
